// !$*UTF8*$!
{
	archiveVersion = 1;
	classes = {
	};
	objectVersion = 55;
	objects = {

/* Begin PBXBuildFile section */
		9AE7CD845E854C068D9E8DD3 /* Pods_TakeMeHome.framework in Frameworks */ = {isa = PBXBuildFile; fileRef = 0944295DDEA66127DD51E253 /* Pods_TakeMeHome.framework */; };
		D820C686298C24DA001B11B7 /* AppDelegate.swift in Sources */ = {isa = PBXBuildFile; fileRef = D820C685298C24DA001B11B7 /* AppDelegate.swift */; };
		D820C688298C24DA001B11B7 /* SceneDelegate.swift in Sources */ = {isa = PBXBuildFile; fileRef = D820C687298C24DA001B11B7 /* SceneDelegate.swift */; };
		D820C690298C24DA001B11B7 /* TakeMeHome.xcdatamodeld in Sources */ = {isa = PBXBuildFile; fileRef = D820C68E298C24DA001B11B7 /* TakeMeHome.xcdatamodeld */; };
		D820C692298C24DC001B11B7 /* Assets.xcassets in Resources */ = {isa = PBXBuildFile; fileRef = D820C691298C24DC001B11B7 /* Assets.xcassets */; };
		D820C695298C24DC001B11B7 /* LaunchScreen.storyboard in Resources */ = {isa = PBXBuildFile; fileRef = D820C693298C24DC001B11B7 /* LaunchScreen.storyboard */; };
		D820C6AD298EA0CC001B11B7 /* Extensions.swift in Sources */ = {isa = PBXBuildFile; fileRef = D820C6AC298EA0CC001B11B7 /* Extensions.swift */; };
		D820C6AF298EA13B001B11B7 /* AdvertViewController.xib in Resources */ = {isa = PBXBuildFile; fileRef = D820C6AE298EA13B001B11B7 /* AdvertViewController.xib */; };
		D820C6B1298EA157001B11B7 /* AdvertViewController.swift in Sources */ = {isa = PBXBuildFile; fileRef = D820C6B0298EA157001B11B7 /* AdvertViewController.swift */; };
		D820C6B7298EAC90001B11B7 /* AdvertTableViewCell.xib in Resources */ = {isa = PBXBuildFile; fileRef = D820C6B6298EAC90001B11B7 /* AdvertTableViewCell.xib */; };
		D820C6B9298EACA5001B11B7 /* AdvertTableViewCell.swift in Sources */ = {isa = PBXBuildFile; fileRef = D820C6B8298EACA5001B11B7 /* AdvertTableViewCell.swift */; };
		D820C6BC298F96E3001B11B7 /* AdvertCollectionViewCell.swift in Sources */ = {isa = PBXBuildFile; fileRef = D820C6BA298F96E3001B11B7 /* AdvertCollectionViewCell.swift */; };
		D820C6BD298F96E3001B11B7 /* AdvertCollectionViewCell.xib in Resources */ = {isa = PBXBuildFile; fileRef = D820C6BB298F96E3001B11B7 /* AdvertCollectionViewCell.xib */; };
		D826A5DA29BB43430041ACBC /* MapPositionViewController.xib in Resources */ = {isa = PBXBuildFile; fileRef = D826A5D829BB43430041ACBC /* MapPositionViewController.xib */; };
		D836824B29AA8DD3005AB64B /* ImagePostCollectionViewCell.swift in Sources */ = {isa = PBXBuildFile; fileRef = D836824929AA8DD3005AB64B /* ImagePostCollectionViewCell.swift */; };
		D836824C29AA8DD3005AB64B /* ImagePostCollectionViewCell.xib in Resources */ = {isa = PBXBuildFile; fileRef = D836824A29AA8DD3005AB64B /* ImagePostCollectionViewCell.xib */; };
		D836824F29AA9862005AB64B /* CommentsPostTableViewCell.swift in Sources */ = {isa = PBXBuildFile; fileRef = D836824D29AA9862005AB64B /* CommentsPostTableViewCell.swift */; };
		D836825029AA9862005AB64B /* CommentsPostTableViewCell.xib in Resources */ = {isa = PBXBuildFile; fileRef = D836824E29AA9862005AB64B /* CommentsPostTableViewCell.xib */; };
		D836825229ABBF06005AB64B /* CommentModel.swift in Sources */ = {isa = PBXBuildFile; fileRef = D836825129ABBF06005AB64B /* CommentModel.swift */; };
		D836825429B4808F005AB64B /* CoredataModel.swift in Sources */ = {isa = PBXBuildFile; fileRef = D836825329B4808F005AB64B /* CoredataModel.swift */; };
		D836825729B49644005AB64B /* UserPostTableViewCell.swift in Sources */ = {isa = PBXBuildFile; fileRef = D836825529B49644005AB64B /* UserPostTableViewCell.swift */; };
		D836825829B49644005AB64B /* UserPostTableViewCell.xib in Resources */ = {isa = PBXBuildFile; fileRef = D836825629B49644005AB64B /* UserPostTableViewCell.xib */; };
		D8544B0E29A6654D00B63EF8 /* ConverterLinks.swift in Sources */ = {isa = PBXBuildFile; fileRef = D8544B0D29A6654D00B63EF8 /* ConverterLinks.swift */; };
		D86F5822299C3101000A9170 /* SideMenuTableViewCell.swift in Sources */ = {isa = PBXBuildFile; fileRef = D86F5820299C3101000A9170 /* SideMenuTableViewCell.swift */; };
		D86F5823299C3101000A9170 /* SideMenuTableViewCell.xib in Resources */ = {isa = PBXBuildFile; fileRef = D86F5821299C3101000A9170 /* SideMenuTableViewCell.xib */; };
		D89640E0299C43F400DF968C /* ProfileViewController.swift in Sources */ = {isa = PBXBuildFile; fileRef = D89640DF299C43F400DF968C /* ProfileViewController.swift */; };
		D89640E2299C440D00DF968C /* ProfileViewController.xib in Resources */ = {isa = PBXBuildFile; fileRef = D89640E1299C440D00DF968C /* ProfileViewController.xib */; };
		D89640E4299CCE3B00DF968C /* AdvertModel.swift in Sources */ = {isa = PBXBuildFile; fileRef = D89640E3299CCE3B00DF968C /* AdvertModel.swift */; };
		D89640E7299CCF0700DF968C /* CreateAdvertViewController.swift in Sources */ = {isa = PBXBuildFile; fileRef = D89640E5299CCF0700DF968C /* CreateAdvertViewController.swift */; };
		D89640E8299CCF0700DF968C /* CreateAdvertViewController.xib in Resources */ = {isa = PBXBuildFile; fileRef = D89640E6299CCF0700DF968C /* CreateAdvertViewController.xib */; };
		D8A0FB8F299231EE0051C9F7 /* EnterViewController.swift in Sources */ = {isa = PBXBuildFile; fileRef = D8A0FB8D299231EE0051C9F7 /* EnterViewController.swift */; };
		D8A0FB90299231EE0051C9F7 /* EnterViewController.xib in Resources */ = {isa = PBXBuildFile; fileRef = D8A0FB8E299231EE0051C9F7 /* EnterViewController.xib */; };
		D8A0FB932992515B0051C9F7 /* RergisterViewController.swift in Sources */ = {isa = PBXBuildFile; fileRef = D8A0FB912992515B0051C9F7 /* RergisterViewController.swift */; };
		D8A0FB942992515B0051C9F7 /* RergisterViewController.xib in Resources */ = {isa = PBXBuildFile; fileRef = D8A0FB922992515B0051C9F7 /* RergisterViewController.xib */; };
		D8A0FB9A2992558C0051C9F7 /* Podfile in Resources */ = {isa = PBXBuildFile; fileRef = D8A0FB992992558C0051C9F7 /* Podfile */; };
		D8A0FBA0299279BB0051C9F7 /* GoogleService-Info.plist in Resources */ = {isa = PBXBuildFile; fileRef = D8A0FB9F299279BB0051C9F7 /* GoogleService-Info.plist */; };
		D8A0FBA3299385060051C9F7 /* ForgotPasswordViewController.swift in Sources */ = {isa = PBXBuildFile; fileRef = D8A0FBA1299385050051C9F7 /* ForgotPasswordViewController.swift */; };
		D8A0FBA4299385060051C9F7 /* ForgotPasswordViewController.xib in Resources */ = {isa = PBXBuildFile; fileRef = D8A0FBA2299385050051C9F7 /* ForgotPasswordViewController.xib */; };
		D8A0FBA729943E8E0051C9F7 /* SideMenuViewController.swift in Sources */ = {isa = PBXBuildFile; fileRef = D8A0FBA529943E8E0051C9F7 /* SideMenuViewController.swift */; };
		D8A0FBA829943E8E0051C9F7 /* SideMenuViewController.xib in Resources */ = {isa = PBXBuildFile; fileRef = D8A0FBA629943E8E0051C9F7 /* SideMenuViewController.xib */; };
		D8D1EA0B299D272800F24D34 /* TimeManager.swift in Sources */ = {isa = PBXBuildFile; fileRef = D8D1EA0A299D272800F24D34 /* TimeManager.swift */; };
		D8D1EA0D299D2AC900F24D34 /* FirebaseData.swift in Sources */ = {isa = PBXBuildFile; fileRef = D8D1EA0C299D2AC900F24D34 /* FirebaseData.swift */; };
		D8D1EA10299F6D5D00F24D34 /* AddPhotoCollectionViewCell.swift in Sources */ = {isa = PBXBuildFile; fileRef = D8D1EA0E299F6D5D00F24D34 /* AddPhotoCollectionViewCell.swift */; };
		D8D1EA11299F6D5D00F24D34 /* AddPhotoCollectionViewCell.xib in Resources */ = {isa = PBXBuildFile; fileRef = D8D1EA0F299F6D5D00F24D34 /* AddPhotoCollectionViewCell.xib */; };
		D8D1EA1429A0C49C00F24D34 /* AdvertPageViewController.swift in Sources */ = {isa = PBXBuildFile; fileRef = D8D1EA1229A0C49C00F24D34 /* AdvertPageViewController.swift */; };
		D8D1EA1529A0C49C00F24D34 /* AdvertPageViewController.xib in Resources */ = {isa = PBXBuildFile; fileRef = D8D1EA1329A0C49C00F24D34 /* AdvertPageViewController.xib */; };
/* End PBXBuildFile section */

/* Begin PBXFileReference section */
		08C352DBB6DCF69AB12526CE /* Pods-TakeMeHome.release.xcconfig */ = {isa = PBXFileReference; includeInIndex = 1; lastKnownFileType = text.xcconfig; name = "Pods-TakeMeHome.release.xcconfig"; path = "Target Support Files/Pods-TakeMeHome/Pods-TakeMeHome.release.xcconfig"; sourceTree = "<group>"; };
		0944295DDEA66127DD51E253 /* Pods_TakeMeHome.framework */ = {isa = PBXFileReference; explicitFileType = wrapper.framework; includeInIndex = 0; path = Pods_TakeMeHome.framework; sourceTree = BUILT_PRODUCTS_DIR; };
		D820C682298C24DA001B11B7 /* TakeMeHome.app */ = {isa = PBXFileReference; explicitFileType = wrapper.application; includeInIndex = 0; path = TakeMeHome.app; sourceTree = BUILT_PRODUCTS_DIR; };
		D820C685298C24DA001B11B7 /* AppDelegate.swift */ = {isa = PBXFileReference; lastKnownFileType = sourcecode.swift; path = AppDelegate.swift; sourceTree = "<group>"; };
		D820C687298C24DA001B11B7 /* SceneDelegate.swift */ = {isa = PBXFileReference; lastKnownFileType = sourcecode.swift; path = SceneDelegate.swift; sourceTree = "<group>"; };
		D820C68F298C24DA001B11B7 /* TakeMeHome.xcdatamodel */ = {isa = PBXFileReference; lastKnownFileType = wrapper.xcdatamodel; path = TakeMeHome.xcdatamodel; sourceTree = "<group>"; };
		D820C691298C24DC001B11B7 /* Assets.xcassets */ = {isa = PBXFileReference; lastKnownFileType = folder.assetcatalog; path = Assets.xcassets; sourceTree = "<group>"; };
		D820C694298C24DC001B11B7 /* Base */ = {isa = PBXFileReference; lastKnownFileType = file.storyboard; name = Base; path = Base.lproj/LaunchScreen.storyboard; sourceTree = "<group>"; };
		D820C696298C24DC001B11B7 /* Info.plist */ = {isa = PBXFileReference; lastKnownFileType = text.plist.xml; path = Info.plist; sourceTree = "<group>"; };
		D820C6AC298EA0CC001B11B7 /* Extensions.swift */ = {isa = PBXFileReference; lastKnownFileType = sourcecode.swift; path = Extensions.swift; sourceTree = "<group>"; };
		D820C6AE298EA13B001B11B7 /* AdvertViewController.xib */ = {isa = PBXFileReference; lastKnownFileType = file.xib; path = AdvertViewController.xib; sourceTree = "<group>"; };
		D820C6B0298EA157001B11B7 /* AdvertViewController.swift */ = {isa = PBXFileReference; lastKnownFileType = sourcecode.swift; path = AdvertViewController.swift; sourceTree = "<group>"; };
		D820C6B6298EAC90001B11B7 /* AdvertTableViewCell.xib */ = {isa = PBXFileReference; lastKnownFileType = file.xib; path = AdvertTableViewCell.xib; sourceTree = "<group>"; };
		D820C6B8298EACA5001B11B7 /* AdvertTableViewCell.swift */ = {isa = PBXFileReference; lastKnownFileType = sourcecode.swift; path = AdvertTableViewCell.swift; sourceTree = "<group>"; };
		D820C6BA298F96E3001B11B7 /* AdvertCollectionViewCell.swift */ = {isa = PBXFileReference; lastKnownFileType = sourcecode.swift; path = AdvertCollectionViewCell.swift; sourceTree = "<group>"; };
		D820C6BB298F96E3001B11B7 /* AdvertCollectionViewCell.xib */ = {isa = PBXFileReference; lastKnownFileType = file.xib; path = AdvertCollectionViewCell.xib; sourceTree = "<group>"; };
		D826A5D829BB43430041ACBC /* MapPositionViewController.xib */ = {isa = PBXFileReference; lastKnownFileType = file.xib; path = MapPositionViewController.xib; sourceTree = "<group>"; };
		D836824929AA8DD3005AB64B /* ImagePostCollectionViewCell.swift */ = {isa = PBXFileReference; lastKnownFileType = sourcecode.swift; path = ImagePostCollectionViewCell.swift; sourceTree = "<group>"; };
		D836824A29AA8DD3005AB64B /* ImagePostCollectionViewCell.xib */ = {isa = PBXFileReference; lastKnownFileType = file.xib; path = ImagePostCollectionViewCell.xib; sourceTree = "<group>"; };
		D836824D29AA9862005AB64B /* CommentsPostTableViewCell.swift */ = {isa = PBXFileReference; lastKnownFileType = sourcecode.swift; path = CommentsPostTableViewCell.swift; sourceTree = "<group>"; };
		D836824E29AA9862005AB64B /* CommentsPostTableViewCell.xib */ = {isa = PBXFileReference; lastKnownFileType = file.xib; path = CommentsPostTableViewCell.xib; sourceTree = "<group>"; };
		D836825129ABBF06005AB64B /* CommentModel.swift */ = {isa = PBXFileReference; lastKnownFileType = sourcecode.swift; path = CommentModel.swift; sourceTree = "<group>"; };
		D836825329B4808F005AB64B /* CoredataModel.swift */ = {isa = PBXFileReference; lastKnownFileType = sourcecode.swift; path = CoredataModel.swift; sourceTree = "<group>"; };
		D836825529B49644005AB64B /* UserPostTableViewCell.swift */ = {isa = PBXFileReference; lastKnownFileType = sourcecode.swift; path = UserPostTableViewCell.swift; sourceTree = "<group>"; };
		D836825629B49644005AB64B /* UserPostTableViewCell.xib */ = {isa = PBXFileReference; lastKnownFileType = file.xib; path = UserPostTableViewCell.xib; sourceTree = "<group>"; };
		D8544B0D29A6654D00B63EF8 /* ConverterLinks.swift */ = {isa = PBXFileReference; lastKnownFileType = sourcecode.swift; path = ConverterLinks.swift; sourceTree = "<group>"; };
		D86F5820299C3101000A9170 /* SideMenuTableViewCell.swift */ = {isa = PBXFileReference; lastKnownFileType = sourcecode.swift; path = SideMenuTableViewCell.swift; sourceTree = "<group>"; };
		D86F5821299C3101000A9170 /* SideMenuTableViewCell.xib */ = {isa = PBXFileReference; lastKnownFileType = file.xib; path = SideMenuTableViewCell.xib; sourceTree = "<group>"; };
		D89640DF299C43F400DF968C /* ProfileViewController.swift */ = {isa = PBXFileReference; fileEncoding = 4; lastKnownFileType = sourcecode.swift; path = ProfileViewController.swift; sourceTree = "<group>"; };
		D89640E1299C440D00DF968C /* ProfileViewController.xib */ = {isa = PBXFileReference; fileEncoding = 4; lastKnownFileType = file.xib; path = ProfileViewController.xib; sourceTree = "<group>"; };
		D89640E3299CCE3B00DF968C /* AdvertModel.swift */ = {isa = PBXFileReference; lastKnownFileType = sourcecode.swift; path = AdvertModel.swift; sourceTree = "<group>"; };
		D89640E5299CCF0700DF968C /* CreateAdvertViewController.swift */ = {isa = PBXFileReference; lastKnownFileType = sourcecode.swift; path = CreateAdvertViewController.swift; sourceTree = "<group>"; };
		D89640E6299CCF0700DF968C /* CreateAdvertViewController.xib */ = {isa = PBXFileReference; lastKnownFileType = file.xib; path = CreateAdvertViewController.xib; sourceTree = "<group>"; };
		D8A0FB8D299231EE0051C9F7 /* EnterViewController.swift */ = {isa = PBXFileReference; lastKnownFileType = sourcecode.swift; path = EnterViewController.swift; sourceTree = "<group>"; };
		D8A0FB8E299231EE0051C9F7 /* EnterViewController.xib */ = {isa = PBXFileReference; lastKnownFileType = file.xib; path = EnterViewController.xib; sourceTree = "<group>"; };
		D8A0FB912992515B0051C9F7 /* RergisterViewController.swift */ = {isa = PBXFileReference; lastKnownFileType = sourcecode.swift; path = RergisterViewController.swift; sourceTree = "<group>"; };
		D8A0FB922992515B0051C9F7 /* RergisterViewController.xib */ = {isa = PBXFileReference; lastKnownFileType = file.xib; path = RergisterViewController.xib; sourceTree = "<group>"; };
		D8A0FB992992558C0051C9F7 /* Podfile */ = {isa = PBXFileReference; lastKnownFileType = text; path = Podfile; sourceTree = "<group>"; xcLanguageSpecificationIdentifier = xcode.lang.ruby; };
		D8A0FB9F299279BB0051C9F7 /* GoogleService-Info.plist */ = {isa = PBXFileReference; fileEncoding = 4; lastKnownFileType = text.plist.xml; path = "GoogleService-Info.plist"; sourceTree = "<group>"; };
		D8A0FBA1299385050051C9F7 /* ForgotPasswordViewController.swift */ = {isa = PBXFileReference; lastKnownFileType = sourcecode.swift; path = ForgotPasswordViewController.swift; sourceTree = "<group>"; };
		D8A0FBA2299385050051C9F7 /* ForgotPasswordViewController.xib */ = {isa = PBXFileReference; lastKnownFileType = file.xib; path = ForgotPasswordViewController.xib; sourceTree = "<group>"; };
		D8A0FBA529943E8E0051C9F7 /* SideMenuViewController.swift */ = {isa = PBXFileReference; lastKnownFileType = sourcecode.swift; path = SideMenuViewController.swift; sourceTree = "<group>"; };
		D8A0FBA629943E8E0051C9F7 /* SideMenuViewController.xib */ = {isa = PBXFileReference; lastKnownFileType = file.xib; path = SideMenuViewController.xib; sourceTree = "<group>"; };
		D8D1EA0A299D272800F24D34 /* TimeManager.swift */ = {isa = PBXFileReference; lastKnownFileType = sourcecode.swift; path = TimeManager.swift; sourceTree = "<group>"; };
		D8D1EA0C299D2AC900F24D34 /* FirebaseData.swift */ = {isa = PBXFileReference; lastKnownFileType = sourcecode.swift; path = FirebaseData.swift; sourceTree = "<group>"; };
		D8D1EA0E299F6D5D00F24D34 /* AddPhotoCollectionViewCell.swift */ = {isa = PBXFileReference; lastKnownFileType = sourcecode.swift; path = AddPhotoCollectionViewCell.swift; sourceTree = "<group>"; };
		D8D1EA0F299F6D5D00F24D34 /* AddPhotoCollectionViewCell.xib */ = {isa = PBXFileReference; lastKnownFileType = file.xib; path = AddPhotoCollectionViewCell.xib; sourceTree = "<group>"; };
		D8D1EA1229A0C49C00F24D34 /* AdvertPageViewController.swift */ = {isa = PBXFileReference; lastKnownFileType = sourcecode.swift; path = AdvertPageViewController.swift; sourceTree = "<group>"; };
		D8D1EA1329A0C49C00F24D34 /* AdvertPageViewController.xib */ = {isa = PBXFileReference; lastKnownFileType = file.xib; path = AdvertPageViewController.xib; sourceTree = "<group>"; };
		DB30E3F0652F68E81AB8BC6A /* Pods-TakeMeHome.debug.xcconfig */ = {isa = PBXFileReference; includeInIndex = 1; lastKnownFileType = text.xcconfig; name = "Pods-TakeMeHome.debug.xcconfig"; path = "Target Support Files/Pods-TakeMeHome/Pods-TakeMeHome.debug.xcconfig"; sourceTree = "<group>"; };
/* End PBXFileReference section */

/* Begin PBXFrameworksBuildPhase section */
		D820C67F298C24DA001B11B7 /* Frameworks */ = {
			isa = PBXFrameworksBuildPhase;
			buildActionMask = 2147483647;
			files = (
				9AE7CD845E854C068D9E8DD3 /* Pods_TakeMeHome.framework in Frameworks */,
			);
			runOnlyForDeploymentPostprocessing = 0;
		};
/* End PBXFrameworksBuildPhase section */

/* Begin PBXGroup section */
		2A1D9E262187B68BAE535F56 /* Pods */ = {
			isa = PBXGroup;
			children = (
				DB30E3F0652F68E81AB8BC6A /* Pods-TakeMeHome.debug.xcconfig */,
				08C352DBB6DCF69AB12526CE /* Pods-TakeMeHome.release.xcconfig */,
			);
			path = Pods;
			sourceTree = "<group>";
		};
		D820C679298C24DA001B11B7 = {
			isa = PBXGroup;
			children = (
				D8A0FB992992558C0051C9F7 /* Podfile */,
				D820C684298C24DA001B11B7 /* TakeMeHome */,
				D820C683298C24DA001B11B7 /* Products */,
				2A1D9E262187B68BAE535F56 /* Pods */,
				E410D4EB86A9D099A7028C54 /* Frameworks */,
			);
			sourceTree = "<group>";
		};
		D820C683298C24DA001B11B7 /* Products */ = {
			isa = PBXGroup;
			children = (
				D820C682298C24DA001B11B7 /* TakeMeHome.app */,
			);
			name = Products;
			sourceTree = "<group>";
		};
		D820C684298C24DA001B11B7 /* TakeMeHome */ = {
			isa = PBXGroup;
			children = (
				D8D1EA09299D270E00F24D34 /* Managers */,
				D820C6AB298C4000001B11B7 /* Controller */,
				D820C6AA298C3F72001B11B7 /* Model */,
				D820C6A9298C3F5C001B11B7 /* Helpers */,
				D820C6A8298C3F51001B11B7 /* Network */,
				D820C6A4298C285C001B11B7 /* Resources */,
				D820C6A0298C264A001B11B7 /* Storage */,
				D820C69C298C2600001B11B7 /* View */,
				D820C685298C24DA001B11B7 /* AppDelegate.swift */,
				D820C687298C24DA001B11B7 /* SceneDelegate.swift */,
				D820C696298C24DC001B11B7 /* Info.plist */,
				D8A0FB9F299279BB0051C9F7 /* GoogleService-Info.plist */,
			);
			path = TakeMeHome;
			sourceTree = "<group>";
		};
		D820C69C298C2600001B11B7 /* View */ = {
			isa = PBXGroup;
			children = (
				D820C6A7298C3F4B001B11B7 /* Cells */,
				D820C6A6298C3F43001B11B7 /* Xibs */,
				D820C6A5298C2881001B11B7 /* Storyboards */,
			);
			path = View;
			sourceTree = "<group>";
		};
		D820C6A0298C264A001B11B7 /* Storage */ = {
			isa = PBXGroup;
			children = (
				D820C68E298C24DA001B11B7 /* TakeMeHome.xcdatamodeld */,
			);
			path = Storage;
			sourceTree = "<group>";
		};
		D820C6A4298C285C001B11B7 /* Resources */ = {
			isa = PBXGroup;
			children = (
				D820C691298C24DC001B11B7 /* Assets.xcassets */,
			);
			path = Resources;
			sourceTree = "<group>";
		};
		D820C6A5298C2881001B11B7 /* Storyboards */ = {
			isa = PBXGroup;
			children = (
				D820C693298C24DC001B11B7 /* LaunchScreen.storyboard */,
			);
			path = Storyboards;
			sourceTree = "<group>";
		};
		D820C6A6298C3F43001B11B7 /* Xibs */ = {
			isa = PBXGroup;
			children = (
				D820C6AE298EA13B001B11B7 /* AdvertViewController.xib */,
				D8A0FB8E299231EE0051C9F7 /* EnterViewController.xib */,
				D8A0FB922992515B0051C9F7 /* RergisterViewController.xib */,
				D8A0FBA2299385050051C9F7 /* ForgotPasswordViewController.xib */,
				D89640E1299C440D00DF968C /* ProfileViewController.xib */,
				D8A0FBA629943E8E0051C9F7 /* SideMenuViewController.xib */,
				D89640E6299CCF0700DF968C /* CreateAdvertViewController.xib */,
				D8D1EA1329A0C49C00F24D34 /* AdvertPageViewController.xib */,
				D826A5D829BB43430041ACBC /* MapPositionViewController.xib */,
			);
			path = Xibs;
			sourceTree = "<group>";
		};
		D820C6A7298C3F4B001B11B7 /* Cells */ = {
			isa = PBXGroup;
			children = (
				D820C6B6298EAC90001B11B7 /* AdvertTableViewCell.xib */,
				D820C6BA298F96E3001B11B7 /* AdvertCollectionViewCell.swift */,
				D820C6B8298EACA5001B11B7 /* AdvertTableViewCell.swift */,
				D820C6BB298F96E3001B11B7 /* AdvertCollectionViewCell.xib */,
				D86F5820299C3101000A9170 /* SideMenuTableViewCell.swift */,
				D86F5821299C3101000A9170 /* SideMenuTableViewCell.xib */,
				D8D1EA0E299F6D5D00F24D34 /* AddPhotoCollectionViewCell.swift */,
				D8D1EA0F299F6D5D00F24D34 /* AddPhotoCollectionViewCell.xib */,
				D836824929AA8DD3005AB64B /* ImagePostCollectionViewCell.swift */,
				D836824A29AA8DD3005AB64B /* ImagePostCollectionViewCell.xib */,
				D836824D29AA9862005AB64B /* CommentsPostTableViewCell.swift */,
				D836824E29AA9862005AB64B /* CommentsPostTableViewCell.xib */,
				D836825529B49644005AB64B /* UserPostTableViewCell.swift */,
				D836825629B49644005AB64B /* UserPostTableViewCell.xib */,
			);
			path = Cells;
			sourceTree = "<group>";
		};
		D820C6A8298C3F51001B11B7 /* Network */ = {
			isa = PBXGroup;
			children = (
				D8D1EA0C299D2AC900F24D34 /* FirebaseData.swift */,
			);
			path = Network;
			sourceTree = "<group>";
		};
		D820C6A9298C3F5C001B11B7 /* Helpers */ = {
			isa = PBXGroup;
			children = (
				D820C6AC298EA0CC001B11B7 /* Extensions.swift */,
				D8544B0D29A6654D00B63EF8 /* ConverterLinks.swift */,
			);
			path = Helpers;
			sourceTree = "<group>";
		};
		D820C6AA298C3F72001B11B7 /* Model */ = {
			isa = PBXGroup;
			children = (
				D89640E3299CCE3B00DF968C /* AdvertModel.swift */,
				D836825129ABBF06005AB64B /* CommentModel.swift */,
				D836825329B4808F005AB64B /* CoredataModel.swift */,
			);
			path = Model;
			sourceTree = "<group>";
		};
		D820C6AB298C4000001B11B7 /* Controller */ = {
			isa = PBXGroup;
			children = (
				D8A0FB8D299231EE0051C9F7 /* EnterViewController.swift */,
				D8A0FBA529943E8E0051C9F7 /* SideMenuViewController.swift */,
				D8A0FB912992515B0051C9F7 /* RergisterViewController.swift */,
				D820C6B0298EA157001B11B7 /* AdvertViewController.swift */,
				D8A0FBA1299385050051C9F7 /* ForgotPasswordViewController.swift */,
				D89640E5299CCF0700DF968C /* CreateAdvertViewController.swift */,
				D8D1EA1229A0C49C00F24D34 /* AdvertPageViewController.swift */,
				D89640DF299C43F400DF968C /* ProfileViewController.swift */,
			);
			path = Controller;
			sourceTree = "<group>";
		};
		D8D1EA09299D270E00F24D34 /* Managers */ = {
			isa = PBXGroup;
			children = (
				D8D1EA0A299D272800F24D34 /* TimeManager.swift */,
			);
			path = Managers;
			sourceTree = "<group>";
		};
		E410D4EB86A9D099A7028C54 /* Frameworks */ = {
			isa = PBXGroup;
			children = (
				0944295DDEA66127DD51E253 /* Pods_TakeMeHome.framework */,
			);
			name = Frameworks;
			sourceTree = "<group>";
		};
/* End PBXGroup section */

/* Begin PBXNativeTarget section */
		D820C681298C24DA001B11B7 /* TakeMeHome */ = {
			isa = PBXNativeTarget;
			buildConfigurationList = D820C699298C24DC001B11B7 /* Build configuration list for PBXNativeTarget "TakeMeHome" */;
			buildPhases = (
				D09798D45E3C1AD666E49E23 /* [CP] Check Pods Manifest.lock */,
				D820C67E298C24DA001B11B7 /* Sources */,
				D820C67F298C24DA001B11B7 /* Frameworks */,
				D820C680298C24DA001B11B7 /* Resources */,
				EAADBE5E363BECCF6920DB9E /* [CP] Embed Pods Frameworks */,
			);
			buildRules = (
			);
			dependencies = (
			);
			name = TakeMeHome;
			productName = TakeMeHome;
			productReference = D820C682298C24DA001B11B7 /* TakeMeHome.app */;
			productType = "com.apple.product-type.application";
		};
/* End PBXNativeTarget section */

/* Begin PBXProject section */
		D820C67A298C24DA001B11B7 /* Project object */ = {
			isa = PBXProject;
			attributes = {
				BuildIndependentTargetsInParallel = 1;
				LastSwiftUpdateCheck = 1420;
				LastUpgradeCheck = 1420;
				TargetAttributes = {
					D820C681298C24DA001B11B7 = {
						CreatedOnToolsVersion = 14.2;
					};
				};
			};
			buildConfigurationList = D820C67D298C24DA001B11B7 /* Build configuration list for PBXProject "TakeMeHome" */;
			compatibilityVersion = "Xcode 13.0";
			developmentRegion = en;
			hasScannedForEncodings = 0;
			knownRegions = (
				en,
				Base,
			);
			mainGroup = D820C679298C24DA001B11B7;
			productRefGroup = D820C683298C24DA001B11B7 /* Products */;
			projectDirPath = "";
			projectRoot = "";
			targets = (
				D820C681298C24DA001B11B7 /* TakeMeHome */,
			);
		};
/* End PBXProject section */

/* Begin PBXResourcesBuildPhase section */
		D820C680298C24DA001B11B7 /* Resources */ = {
			isa = PBXResourcesBuildPhase;
			buildActionMask = 2147483647;
			files = (
				D826A5DA29BB43430041ACBC /* MapPositionViewController.xib in Resources */,
				D820C695298C24DC001B11B7 /* LaunchScreen.storyboard in Resources */,
				D820C6B7298EAC90001B11B7 /* AdvertTableViewCell.xib in Resources */,
				D836825829B49644005AB64B /* UserPostTableViewCell.xib in Resources */,
				D89640E8299CCF0700DF968C /* CreateAdvertViewController.xib in Resources */,
				D8A0FBA0299279BB0051C9F7 /* GoogleService-Info.plist in Resources */,
				D89640E2299C440D00DF968C /* ProfileViewController.xib in Resources */,
				D86F5823299C3101000A9170 /* SideMenuTableViewCell.xib in Resources */,
				D820C6AF298EA13B001B11B7 /* AdvertViewController.xib in Resources */,
				D836825029AA9862005AB64B /* CommentsPostTableViewCell.xib in Resources */,
				D8A0FBA829943E8E0051C9F7 /* SideMenuViewController.xib in Resources */,
				D8A0FBA4299385060051C9F7 /* ForgotPasswordViewController.xib in Resources */,
				D820C692298C24DC001B11B7 /* Assets.xcassets in Resources */,
				D820C6BD298F96E3001B11B7 /* AdvertCollectionViewCell.xib in Resources */,
				D8A0FB9A2992558C0051C9F7 /* Podfile in Resources */,
				D8D1EA11299F6D5D00F24D34 /* AddPhotoCollectionViewCell.xib in Resources */,
				D836824C29AA8DD3005AB64B /* ImagePostCollectionViewCell.xib in Resources */,
				D8A0FB942992515B0051C9F7 /* RergisterViewController.xib in Resources */,
				D8A0FB90299231EE0051C9F7 /* EnterViewController.xib in Resources */,
				D8D1EA1529A0C49C00F24D34 /* AdvertPageViewController.xib in Resources */,
			);
			runOnlyForDeploymentPostprocessing = 0;
		};
/* End PBXResourcesBuildPhase section */

/* Begin PBXShellScriptBuildPhase section */
		D09798D45E3C1AD666E49E23 /* [CP] Check Pods Manifest.lock */ = {
			isa = PBXShellScriptBuildPhase;
			buildActionMask = 2147483647;
			files = (
			);
			inputFileListPaths = (
			);
			inputPaths = (
				"${PODS_PODFILE_DIR_PATH}/Podfile.lock",
				"${PODS_ROOT}/Manifest.lock",
			);
			name = "[CP] Check Pods Manifest.lock";
			outputFileListPaths = (
			);
			outputPaths = (
				"$(DERIVED_FILE_DIR)/Pods-TakeMeHome-checkManifestLockResult.txt",
			);
			runOnlyForDeploymentPostprocessing = 0;
			shellPath = /bin/sh;
			shellScript = "diff \"${PODS_PODFILE_DIR_PATH}/Podfile.lock\" \"${PODS_ROOT}/Manifest.lock\" > /dev/null\nif [ $? != 0 ] ; then\n    # print error to STDERR\n    echo \"error: The sandbox is not in sync with the Podfile.lock. Run 'pod install' or update your CocoaPods installation.\" >&2\n    exit 1\nfi\n# This output is used by Xcode 'outputs' to avoid re-running this script phase.\necho \"SUCCESS\" > \"${SCRIPT_OUTPUT_FILE_0}\"\n";
			showEnvVarsInLog = 0;
		};
		EAADBE5E363BECCF6920DB9E /* [CP] Embed Pods Frameworks */ = {
			isa = PBXShellScriptBuildPhase;
			buildActionMask = 2147483647;
			files = (
			);
			inputFileListPaths = (
				"${PODS_ROOT}/Target Support Files/Pods-TakeMeHome/Pods-TakeMeHome-frameworks-${CONFIGURATION}-input-files.xcfilelist",
			);
			name = "[CP] Embed Pods Frameworks";
			outputFileListPaths = (
				"${PODS_ROOT}/Target Support Files/Pods-TakeMeHome/Pods-TakeMeHome-frameworks-${CONFIGURATION}-output-files.xcfilelist",
			);
			runOnlyForDeploymentPostprocessing = 0;
			shellPath = /bin/sh;
			shellScript = "\"${PODS_ROOT}/Target Support Files/Pods-TakeMeHome/Pods-TakeMeHome-frameworks.sh\"\n";
			showEnvVarsInLog = 0;
		};
/* End PBXShellScriptBuildPhase section */

/* Begin PBXSourcesBuildPhase section */
		D820C67E298C24DA001B11B7 /* Sources */ = {
			isa = PBXSourcesBuildPhase;
			buildActionMask = 2147483647;
			files = (
				D8544B0E29A6654D00B63EF8 /* ConverterLinks.swift in Sources */,
				D820C6BC298F96E3001B11B7 /* AdvertCollectionViewCell.swift in Sources */,
				D8A0FB8F299231EE0051C9F7 /* EnterViewController.swift in Sources */,
				D836824B29AA8DD3005AB64B /* ImagePostCollectionViewCell.swift in Sources */,
				D8D1EA10299F6D5D00F24D34 /* AddPhotoCollectionViewCell.swift in Sources */,
				D8D1EA1429A0C49C00F24D34 /* AdvertPageViewController.swift in Sources */,
				D820C686298C24DA001B11B7 /* AppDelegate.swift in Sources */,
				D86F5822299C3101000A9170 /* SideMenuTableViewCell.swift in Sources */,
				D820C688298C24DA001B11B7 /* SceneDelegate.swift in Sources */,
				D8A0FBA729943E8E0051C9F7 /* SideMenuViewController.swift in Sources */,
				D836825429B4808F005AB64B /* CoredataModel.swift in Sources */,
				D836825229ABBF06005AB64B /* CommentModel.swift in Sources */,
				D8D1EA0B299D272800F24D34 /* TimeManager.swift in Sources */,
				D836824F29AA9862005AB64B /* CommentsPostTableViewCell.swift in Sources */,
				D820C6B1298EA157001B11B7 /* AdvertViewController.swift in Sources */,
				D820C6B9298EACA5001B11B7 /* AdvertTableViewCell.swift in Sources */,
				D89640E7299CCF0700DF968C /* CreateAdvertViewController.swift in Sources */,
				D8D1EA0D299D2AC900F24D34 /* FirebaseData.swift in Sources */,
				D8A0FBA3299385060051C9F7 /* ForgotPasswordViewController.swift in Sources */,
				D89640E4299CCE3B00DF968C /* AdvertModel.swift in Sources */,
				D8A0FB932992515B0051C9F7 /* RergisterViewController.swift in Sources */,
				D89640E0299C43F400DF968C /* ProfileViewController.swift in Sources */,
				D820C690298C24DA001B11B7 /* TakeMeHome.xcdatamodeld in Sources */,
				D820C6AD298EA0CC001B11B7 /* Extensions.swift in Sources */,
				D836825729B49644005AB64B /* UserPostTableViewCell.swift in Sources */,
			);
			runOnlyForDeploymentPostprocessing = 0;
		};
/* End PBXSourcesBuildPhase section */

/* Begin PBXVariantGroup section */
		D820C693298C24DC001B11B7 /* LaunchScreen.storyboard */ = {
			isa = PBXVariantGroup;
			children = (
				D820C694298C24DC001B11B7 /* Base */,
			);
			name = LaunchScreen.storyboard;
			sourceTree = "<group>";
		};
/* End PBXVariantGroup section */

/* Begin XCBuildConfiguration section */
		D820C697298C24DC001B11B7 /* Debug */ = {
			isa = XCBuildConfiguration;
			buildSettings = {
				ALWAYS_SEARCH_USER_PATHS = NO;
				CLANG_ANALYZER_NONNULL = YES;
				CLANG_ANALYZER_NUMBER_OBJECT_CONVERSION = YES_AGGRESSIVE;
				CLANG_CXX_LANGUAGE_STANDARD = "gnu++20";
				CLANG_ENABLE_MODULES = YES;
				CLANG_ENABLE_OBJC_ARC = YES;
				CLANG_ENABLE_OBJC_WEAK = YES;
				CLANG_WARN_BLOCK_CAPTURE_AUTORELEASING = YES;
				CLANG_WARN_BOOL_CONVERSION = YES;
				CLANG_WARN_COMMA = YES;
				CLANG_WARN_CONSTANT_CONVERSION = YES;
				CLANG_WARN_DEPRECATED_OBJC_IMPLEMENTATIONS = YES;
				CLANG_WARN_DIRECT_OBJC_ISA_USAGE = YES_ERROR;
				CLANG_WARN_DOCUMENTATION_COMMENTS = YES;
				CLANG_WARN_EMPTY_BODY = YES;
				CLANG_WARN_ENUM_CONVERSION = YES;
				CLANG_WARN_INFINITE_RECURSION = YES;
				CLANG_WARN_INT_CONVERSION = YES;
				CLANG_WARN_NON_LITERAL_NULL_CONVERSION = YES;
				CLANG_WARN_OBJC_IMPLICIT_RETAIN_SELF = YES;
				CLANG_WARN_OBJC_LITERAL_CONVERSION = YES;
				CLANG_WARN_OBJC_ROOT_CLASS = YES_ERROR;
				CLANG_WARN_QUOTED_INCLUDE_IN_FRAMEWORK_HEADER = YES;
				CLANG_WARN_RANGE_LOOP_ANALYSIS = YES;
				CLANG_WARN_STRICT_PROTOTYPES = YES;
				CLANG_WARN_SUSPICIOUS_MOVE = YES;
				CLANG_WARN_UNGUARDED_AVAILABILITY = YES_AGGRESSIVE;
				CLANG_WARN_UNREACHABLE_CODE = YES;
				CLANG_WARN__DUPLICATE_METHOD_MATCH = YES;
				COPY_PHASE_STRIP = NO;
				DEBUG_INFORMATION_FORMAT = dwarf;
				ENABLE_STRICT_OBJC_MSGSEND = YES;
				ENABLE_TESTABILITY = YES;
				GCC_C_LANGUAGE_STANDARD = gnu11;
				GCC_DYNAMIC_NO_PIC = NO;
				GCC_NO_COMMON_BLOCKS = YES;
				GCC_OPTIMIZATION_LEVEL = 0;
				GCC_PREPROCESSOR_DEFINITIONS = (
					"DEBUG=1",
					"$(inherited)",
				);
				GCC_WARN_64_TO_32_BIT_CONVERSION = YES;
				GCC_WARN_ABOUT_RETURN_TYPE = YES_ERROR;
				GCC_WARN_UNDECLARED_SELECTOR = YES;
				GCC_WARN_UNINITIALIZED_AUTOS = YES_AGGRESSIVE;
				GCC_WARN_UNUSED_FUNCTION = YES;
				GCC_WARN_UNUSED_VARIABLE = YES;
				IPHONEOS_DEPLOYMENT_TARGET = 16.2;
				MTL_ENABLE_DEBUG_INFO = INCLUDE_SOURCE;
				MTL_FAST_MATH = YES;
				ONLY_ACTIVE_ARCH = YES;
				SDKROOT = iphoneos;
				SWIFT_ACTIVE_COMPILATION_CONDITIONS = DEBUG;
				SWIFT_OPTIMIZATION_LEVEL = "-Onone";
			};
			name = Debug;
		};
		D820C698298C24DC001B11B7 /* Release */ = {
			isa = XCBuildConfiguration;
			buildSettings = {
				ALWAYS_SEARCH_USER_PATHS = NO;
				CLANG_ANALYZER_NONNULL = YES;
				CLANG_ANALYZER_NUMBER_OBJECT_CONVERSION = YES_AGGRESSIVE;
				CLANG_CXX_LANGUAGE_STANDARD = "gnu++20";
				CLANG_ENABLE_MODULES = YES;
				CLANG_ENABLE_OBJC_ARC = YES;
				CLANG_ENABLE_OBJC_WEAK = YES;
				CLANG_WARN_BLOCK_CAPTURE_AUTORELEASING = YES;
				CLANG_WARN_BOOL_CONVERSION = YES;
				CLANG_WARN_COMMA = YES;
				CLANG_WARN_CONSTANT_CONVERSION = YES;
				CLANG_WARN_DEPRECATED_OBJC_IMPLEMENTATIONS = YES;
				CLANG_WARN_DIRECT_OBJC_ISA_USAGE = YES_ERROR;
				CLANG_WARN_DOCUMENTATION_COMMENTS = YES;
				CLANG_WARN_EMPTY_BODY = YES;
				CLANG_WARN_ENUM_CONVERSION = YES;
				CLANG_WARN_INFINITE_RECURSION = YES;
				CLANG_WARN_INT_CONVERSION = YES;
				CLANG_WARN_NON_LITERAL_NULL_CONVERSION = YES;
				CLANG_WARN_OBJC_IMPLICIT_RETAIN_SELF = YES;
				CLANG_WARN_OBJC_LITERAL_CONVERSION = YES;
				CLANG_WARN_OBJC_ROOT_CLASS = YES_ERROR;
				CLANG_WARN_QUOTED_INCLUDE_IN_FRAMEWORK_HEADER = YES;
				CLANG_WARN_RANGE_LOOP_ANALYSIS = YES;
				CLANG_WARN_STRICT_PROTOTYPES = YES;
				CLANG_WARN_SUSPICIOUS_MOVE = YES;
				CLANG_WARN_UNGUARDED_AVAILABILITY = YES_AGGRESSIVE;
				CLANG_WARN_UNREACHABLE_CODE = YES;
				CLANG_WARN__DUPLICATE_METHOD_MATCH = YES;
				COPY_PHASE_STRIP = NO;
				DEBUG_INFORMATION_FORMAT = "dwarf-with-dsym";
				ENABLE_NS_ASSERTIONS = NO;
				ENABLE_STRICT_OBJC_MSGSEND = YES;
				GCC_C_LANGUAGE_STANDARD = gnu11;
				GCC_NO_COMMON_BLOCKS = YES;
				GCC_WARN_64_TO_32_BIT_CONVERSION = YES;
				GCC_WARN_ABOUT_RETURN_TYPE = YES_ERROR;
				GCC_WARN_UNDECLARED_SELECTOR = YES;
				GCC_WARN_UNINITIALIZED_AUTOS = YES_AGGRESSIVE;
				GCC_WARN_UNUSED_FUNCTION = YES;
				GCC_WARN_UNUSED_VARIABLE = YES;
				IPHONEOS_DEPLOYMENT_TARGET = 16.2;
				MTL_ENABLE_DEBUG_INFO = NO;
				MTL_FAST_MATH = YES;
				SDKROOT = iphoneos;
				SWIFT_COMPILATION_MODE = wholemodule;
				SWIFT_OPTIMIZATION_LEVEL = "-O";
				VALIDATE_PRODUCT = YES;
			};
			name = Release;
		};
		D820C69A298C24DC001B11B7 /* Debug */ = {
			isa = XCBuildConfiguration;
			baseConfigurationReference = DB30E3F0652F68E81AB8BC6A /* Pods-TakeMeHome.debug.xcconfig */;
			buildSettings = {
				ASSETCATALOG_COMPILER_APPICON_NAME = AppIcon;
				ASSETCATALOG_COMPILER_GLOBAL_ACCENT_COLOR_NAME = AccentColor;
				CODE_SIGN_STYLE = Automatic;
				CURRENT_PROJECT_VERSION = 1;
				DEVELOPMENT_TEAM = 285RFT4HL7;
				GENERATE_INFOPLIST_FILE = YES;
				INFOPLIST_FILE = TakeMeHome/Info.plist;
				INFOPLIST_KEY_UIApplicationSupportsIndirectInputEvents = YES;
				INFOPLIST_KEY_UILaunchStoryboardName = LaunchScreen;
				INFOPLIST_KEY_UIMainStoryboardFile = "";
				INFOPLIST_KEY_UISupportedInterfaceOrientations = UIInterfaceOrientationPortrait;
				LD_RUNPATH_SEARCH_PATHS = (
					"$(inherited)",
					"@executable_path/Frameworks",
				);
				MARKETING_VERSION = 1.0;
				PRODUCT_BUNDLE_IDENTIFIER = alexshamrey.TakeMeHome;
				PRODUCT_NAME = "$(TARGET_NAME)";
				SWIFT_EMIT_LOC_STRINGS = YES;
				SWIFT_VERSION = 5.0;
				TARGETED_DEVICE_FAMILY = "1,2";
			};
			name = Debug;
		};
		D820C69B298C24DC001B11B7 /* Release */ = {
			isa = XCBuildConfiguration;
			baseConfigurationReference = 08C352DBB6DCF69AB12526CE /* Pods-TakeMeHome.release.xcconfig */;
			buildSettings = {
				ASSETCATALOG_COMPILER_APPICON_NAME = AppIcon;
				ASSETCATALOG_COMPILER_GLOBAL_ACCENT_COLOR_NAME = AccentColor;
				CODE_SIGN_STYLE = Automatic;
				CURRENT_PROJECT_VERSION = 1;
				DEVELOPMENT_TEAM = 285RFT4HL7;
				GENERATE_INFOPLIST_FILE = YES;
				INFOPLIST_FILE = TakeMeHome/Info.plist;
				INFOPLIST_KEY_UIApplicationSupportsIndirectInputEvents = YES;
				INFOPLIST_KEY_UILaunchStoryboardName = LaunchScreen;
				INFOPLIST_KEY_UIMainStoryboardFile = "";
				INFOPLIST_KEY_UISupportedInterfaceOrientations = UIInterfaceOrientationPortrait;
				LD_RUNPATH_SEARCH_PATHS = (
					"$(inherited)",
					"@executable_path/Frameworks",
				);
				MARKETING_VERSION = 1.0;
				PRODUCT_BUNDLE_IDENTIFIER = alexshamrey.TakeMeHome;
				PRODUCT_NAME = "$(TARGET_NAME)";
				SWIFT_EMIT_LOC_STRINGS = YES;
				SWIFT_VERSION = 5.0;
				TARGETED_DEVICE_FAMILY = "1,2";
			};
			name = Release;
		};
/* End XCBuildConfiguration section */

/* Begin XCConfigurationList section */
		D820C67D298C24DA001B11B7 /* Build configuration list for PBXProject "TakeMeHome" */ = {
			isa = XCConfigurationList;
			buildConfigurations = (
				D820C697298C24DC001B11B7 /* Debug */,
				D820C698298C24DC001B11B7 /* Release */,
			);
			defaultConfigurationIsVisible = 0;
			defaultConfigurationName = Release;
		};
		D820C699298C24DC001B11B7 /* Build configuration list for PBXNativeTarget "TakeMeHome" */ = {
			isa = XCConfigurationList;
			buildConfigurations = (
				D820C69A298C24DC001B11B7 /* Debug */,
				D820C69B298C24DC001B11B7 /* Release */,
			);
			defaultConfigurationIsVisible = 0;
			defaultConfigurationName = Release;
		};
/* End XCConfigurationList section */

/* Begin XCVersionGroup section */
		D820C68E298C24DA001B11B7 /* TakeMeHome.xcdatamodeld */ = {
			isa = XCVersionGroup;
			children = (
				D820C68F298C24DA001B11B7 /* TakeMeHome.xcdatamodel */,
			);
			currentVersion = D820C68F298C24DA001B11B7 /* TakeMeHome.xcdatamodel */;
			path = TakeMeHome.xcdatamodeld;
			sourceTree = "<group>";
			versionGroupType = wrapper.xcdatamodel;
		};
/* End XCVersionGroup section */
	};
	rootObject = D820C67A298C24DA001B11B7 /* Project object */;
}
